PODS:
  - Alamofire (4.9.1)
  - BMMobilePackage/Analytics (0.0.1):
    - Brightcove-Player-Core/dynamic
    - CarbonKit
    - ChameleonFramework
    - CustomIOSAlertView
    - iOSSharedViewTransition (= 1.0.2)
    - Kingfisher
    - MBProgressHUD
    - RATreeView
    - RxCocoa
    - RxRetroSwift
    - RxSwift
    - SDWebImage
    - SlideMenuControllerSwift
    - StorageKit
    - SwipeView
    - treemapkit
  - BMMobilePackage/Auth (0.0.1):
    - Brightcove-Player-Core/dynamic
    - CarbonKit
    - ChameleonFramework
    - CustomIOSAlertView
    - iOSSharedViewTransition (= 1.0.2)
    - Kingfisher
    - MBProgressHUD
    - RATreeView
    - RxCocoa
    - RxRetroSwift
    - RxSwift
    - SDWebImage
    - SlideMenuControllerSwift
    - StorageKit
    - SwipeView
    - treemapkit
  - BMMobilePackage/Base (0.0.1):
    - BMMobilePackage/Analytics (= 0.0.1)
    - BMMobilePackage/CMS (= 0.0.1)
    - BMMobilePackage/Core (= 0.0.1)
    - BMMobilePackage/Download (= 0.0.1)
    - BMMobilePackage/Sothebys (= 0.0.1)
    - BMMobilePackage/UI (= 0.0.1)
    - BMMobilePackage/UI-Media (= 0.0.1)
    - Brightcove-Player-Core/dynamic
    - CarbonKit
    - ChameleonFramework
    - CustomIOSAlertView
    - iOSSharedViewTransition (= 1.0.2)
    - Kingfisher
    - MBProgressHUD
    - RATreeView
    - ReactiveCocoa (= 2.5)
    - RxCocoa
    - RxRetroSwift
    - RxSwift
    - SDWebImage
    - SlideMenuControllerSwift
    - StorageKit
    - SwipeView
    - treemapkit
    - UIView-Autolayout
  - BMMobilePackage/CMS (0.0.1):
    - Brightcove-Player-Core/dynamic
    - CarbonKit
    - ChameleonFramework
    - CustomIOSAlertView
    - iOSSharedViewTransition (= 1.0.2)
    - Kingfisher
    - MBProgressHUD
    - RATreeView
    - RxCocoa
    - RxRetroSwift
    - RxSwift
    - SDWebImage
    - SlideMenuControllerSwift
    - StorageKit
    - SwipeView
    - treemapkit
  - BMMobilePackage/Core (0.0.1):
    - Brightcove-Player-Core/dynamic
    - CarbonKit
    - ChameleonFramework
    - CustomIOSAlertView
    - iOSSharedViewTransition (= 1.0.2)
    - Kingfisher
    - MBProgressHUD
    - RATreeView
    - RxCocoa
    - RxRetroSwift
    - RxSwift
    - SDWebImage
    - SlideMenuControllerSwift
    - StorageKit
    - SwipeView
    - treemapkit
  - BMMobilePackage/Download (0.0.1):
    - Brightcove-Player-Core/dynamic
    - CarbonKit
    - ChameleonFramework
    - CustomIOSAlertView
    - iOSSharedViewTransition (= 1.0.2)
    - Kingfisher
    - libCommonCrypto
    - MBProgressHUD
    - PromiseKit
    - PromiseKit/Alamofire
    - RATreeView
    - RxCocoa
    - RxRetroSwift
    - RxSwift
    - SDWebImage
    - SlideMenuControllerSwift
    - StorageKit
    - SwipeView
    - treemapkit
  - BMMobilePackage/UI (0.0.1):
    - Brightcove-Player-Core/dynamic
    - CarbonKit
    - ChameleonFramework
    - CustomIOSAlertView
    - iOSSharedViewTransition (= 1.0.2)
    - Kingfisher
    - MBProgressHUD
    - RATreeView
    - RxCocoa
    - RxRetroSwift
    - RxSwift
    - SDWebImage
    - SlideMenuControllerSwift
    - StorageKit
    - SwipeView
    - treemapkit
  - BMMobilePackage/UI-Media (0.0.1):
    - Brightcove-Player-Core/dynamic
    - CarbonKit
    - ChameleonFramework
    - CustomIOSAlertView
    - iOSSharedViewTransition (= 1.0.2)
    - Kingfisher
    - MBProgressHUD
    - RATreeView
    - RxCocoa
    - RxRetroSwift
    - RxSwift
    - SDWebImage
    - SlideMenuControllerSwift
    - StorageKit
    - SwipeView
    - treemapkit
  - Brightcove-Player-Core/dynamic (6.0.6)
  - CarbonKit (2.3.1)
  - ChameleonFramework (2.1.0):
    - ChameleonFramework/Default (= 2.1.0)
  - ChameleonFramework/Default (2.1.0)
  - Crashlytics (3.8.6):
    - Fabric (~> 1.6.3)
  - CustomIOSAlertView (0.9.5)
  - Fabric (1.6.13)
  - Firebase/Core (4.5.0):
    - FirebaseAnalytics (= 4.0.4)
    - FirebaseCore (= 4.0.10)
  - FirebaseAnalytics (4.0.4):
    - FirebaseCore (~> 4.0)
    - FirebaseInstanceID (~> 2.0)
    - "GoogleToolboxForMac/NSData+zlib (~> 2.1)"
    - nanopb (~> 0.3)
  - FirebaseCore (4.0.10):
    - "GoogleToolboxForMac/NSData+zlib (~> 2.1)"
    - nanopb (~> 0.3)
  - FirebaseInstanceID (2.0.5)
  - GoogleToolboxForMac/Defines (2.1.3)
  - "GoogleToolboxForMac/NSData+zlib (2.1.3)":
    - GoogleToolboxForMac/Defines (= 2.1.3)
  - iCarousel (1.8.3)
  - iOSSharedViewTransition (1.0.2)
  - Kingfisher (6.3.0)
  - libCommonCrypto (0.1.1)
  - MBProgressHUD (1.2.0)
  - nanopb (0.3.8):
    - nanopb/decode (= 0.3.8)
    - nanopb/encode (= 0.3.8)
  - nanopb/decode (0.3.8)
  - nanopb/encode (0.3.8)
  - PromiseKit (6.13.1):
    - PromiseKit/CorePromise (= 6.13.1)
    - PromiseKit/Foundation (= 6.13.1)
    - PromiseKit/UIKit (= 6.13.1)
  - PromiseKit/Alamofire (6.13.1):
    - Alamofire (~> 4.0)
    - PromiseKit/CorePromise
  - PromiseKit/CorePromise (6.13.1)
  - PromiseKit/Foundation (6.13.1):
    - PromiseKit/CorePromise
  - PromiseKit/UIKit (6.13.1):
    - PromiseKit/CorePromise
  - RATreeView (2.1.2)
  - ReactiveCocoa (2.5):
    - ReactiveCocoa/UI (= 2.5)
  - ReactiveCocoa/Core (2.5):
    - ReactiveCocoa/no-arc
  - ReactiveCocoa/no-arc (2.5)
  - ReactiveCocoa/UI (2.5):
    - ReactiveCocoa/Core
  - Realm (2.10.0):
    - Realm/Headers (= 2.10.0)
  - Realm/Headers (2.10.0)
  - RealmSwift (2.10.0):
    - Realm (= 2.10.0)
  - RxCocoa (5.1.3):
    - RxRelay (~> 5)
    - RxSwift (~> 5)
  - RxRelay (5.1.3):
    - RxSwift (~> 5)
  - RxRetroSwift (3.0.1):
    - RxCocoa (~> 5.0)
    - RxSwift (~> 5.0)
  - RxSwift (5.1.3)
  - ScrollableStackView (1.0.3)
  - SDWebImage (5.9.1):
    - SDWebImage/Core (= 5.9.1)
  - SDWebImage/Core (5.9.1)
  - SlideMenuControllerSwift (4.0.0)
  - StorageKit (0.3.1):
    - RealmSwift (= 2.10.0)
  - SwiftLint (0.43.1)
  - SwipeView (1.3.2)
  - treemapkit (0.0.1)
  - UIView-Autolayout (0.2.1)

DEPENDENCIES:
  - BMMobilePackage/Auth (from `https://github.com/BreakawayMobile/BMMobilePackage.git`, branch `swift_4.2`)
  - BMMobilePackage/Base (from `https://github.com/BreakawayMobile/BMMobilePackage.git`, branch `swift_4.2`)
  - Brightcove-Player-Core/dynamic (= 6.0.6)
  - CarbonKit
  - ChameleonFramework
  - Crashlytics
  - CustomIOSAlertView
  - Fabric
  - Firebase/Core
  - iCarousel
  - iOSSharedViewTransition
  - Kingfisher
  - MBProgressHUD
  - PromiseKit
  - RATreeView
  - ReactiveCocoa
  - Realm
  - RealmSwift
  - ScrollableStackView
  - SDWebImage
  - SlideMenuControllerSwift (from `https://github.com/BreakawayMobile/SlideMenuControllerSwift.git`, branch `swift_4.2`)
  - StorageKit
  - SwiftLint
  - SwipeView
  - treemapkit
  - UIView-Autolayout

SPEC REPOS:
  https://github.com/brightcove/BrightcoveSpecs.git:
    - Brightcove-Player-Core
  https://github.com/CocoaPods/Specs.git:
    - Alamofire
    - CarbonKit
    - ChameleonFramework
    - Crashlytics
    - CustomIOSAlertView
    - Fabric
    - Firebase
    - FirebaseAnalytics
    - FirebaseCore
    - FirebaseInstanceID
    - GoogleToolboxForMac
    - iCarousel
    - iOSSharedViewTransition
    - Kingfisher
    - libCommonCrypto
    - MBProgressHUD
    - nanopb
    - PromiseKit
    - RATreeView
    - ReactiveCocoa
    - Realm
    - RealmSwift
    - RxCocoa
    - RxRelay
    - RxRetroSwift
    - RxSwift
    - ScrollableStackView
    - SDWebImage
    - StorageKit
    - SwiftLint
    - SwipeView
    - treemapkit
    - UIView-Autolayout

EXTERNAL SOURCES:
  BMMobilePackage:
    :branch: swift_4.2
    :git: https://github.com/BreakawayMobile/BMMobilePackage.git
  SlideMenuControllerSwift:
    :branch: swift_4.2
    :git: https://github.com/BreakawayMobile/SlideMenuControllerSwift.git

CHECKOUT OPTIONS:
  BMMobilePackage:
    :commit: 4ed2837546d608d1bcee3f5f71024ae1fa62e726
    :git: https://github.com/BreakawayMobile/BMMobilePackage.git
  SlideMenuControllerSwift:
    :commit: 1fa0de418fe603b2d44bdeebd6cb4a8fa6034cf5
    :git: https://github.com/BreakawayMobile/SlideMenuControllerSwift.git

SPEC CHECKSUMS:
  Alamofire: 85e8a02c69d6020a0d734f6054870d7ecb75cf18
  BMMobilePackage: 28902791fd4db9e71f1b6f4d474bf84119e421c5
  Brightcove-Player-Core: 6e133d49983dc3c31a7b3892af4899df5f07a8cd
  CarbonKit: b60e24dbdb47179990d5e074efa87ab819c8de98
  ChameleonFramework: d21a3cc247abfe5e37609a283a8238b03575cf64
  Crashlytics: e156f27e43abaa331f9b7afed091bda37e1052cc
  CustomIOSAlertView: cc4fa8e36219be3fd5ebcd40789f5b4aaae0f38e
  Fabric: be0459577cee96fe21f68de24588be2dd71482b8
  Firebase: d83d287bdb6b1c78320561482706d1fcfc8ddfc1
  FirebaseAnalytics: 722b53c7b32bfc7806b06e0093a2f5180d4f2c5a
  FirebaseCore: da5e8e372cb6046212739a4d81e42d32c22907cc
  FirebaseInstanceID: f2b688c66b972f30d7fa9f5f9f91455454a03b47
  GoogleToolboxForMac: 2501e2ad72a52eb3dfe7bd9aee7dad11b858bd20
  iCarousel: d782f635afac190c49bb8ee455882284cff8b85f
  iOSSharedViewTransition: d4bdb3662b51d780b7a0646da8ff2158dbb2e43c
  Kingfisher: 6c3df386db71d82c0817a429d2c9421a77396529
  libCommonCrypto: 8bc2f53375ef9815ddd9dd663e110e1cced41747
  MBProgressHUD: 3ee5efcc380f6a79a7cc9b363dd669c5e1ae7406
  nanopb: 5601e6bca2dbf1ed831b519092ec110f66982ca3
  PromiseKit: 28fda91c973cc377875d8c0ea4f973013c05b6db
  RATreeView: 380cde0090cfde21dc6ac29137f49d3b768fdd28
  ReactiveCocoa: e2db045570aa97c695e7aa97c2bcab222ae51f4a
  Realm: 98b3a25643cf6b3e07d2b99fb43fe0eb9c801dec
  RealmSwift: 34073ad3a31232bbaf7c0db898c037940284cba2
  RxCocoa: e2ed092d5432e4296aa818021d27de4090ac0354
  RxRelay: 5a18c2eb2d68326ebaf0112f80d837ae41b92b97
  RxRetroSwift: 72a2686f5a4b421a03ef2b0fb2a91ce8a793fba9
  RxSwift: 915abbdfb62214aa89ccd0b194d44fb478019b27
  ScrollableStackView: c97d7b8cb4432616a7233601ba92455889f94cd4
  SDWebImage: a990c053fff71e388a10f3357edb0be17929c9c5
  SlideMenuControllerSwift: f9ec1ad1a95d211324d25b15dcdbc94881596716
  StorageKit: 2d7dd5be0e58ee353b352f08c18c13692bdb12a1
  SwiftLint: 99f82d07b837b942dd563c668de129a03fc3fb52
  SwipeView: bd67cfaf7760c036438446b3ccb28a3b84fce009
  treemapkit: 818b88bc794374c3687d532529e9b3ddc242c319
  UIView-Autolayout: 042510c499403f58620998278ddd60fa7b6cd4a7

PODFILE CHECKSUM: f1acbe2b2e5db5072f1838e3f49d33cf992e0e44

COCOAPODS: 1.10.1
